
Microsoft Visual Studio Solution File, Format Version 12.00
# Visual Studio Version 16
VisualStudioVersion = 16.0.31911.196
MinimumVisualStudioVersion = 10.0.40219.1
Project("{FAE04EC0-301F-11D3-BF4B-00C04F79EFBC}") = "Bil204 Ödev 2-3", "Bil204 Ödev 2-3\Bil204 Ödev 2-3.csproj", "{414EB3FE-A879-457C-B9FF-729788517935}"
EndProject
Global
	GlobalSection(SolutionConfigurationPlatforms) = preSolution
		Debug|Any CPU = Debug|Any CPU
		Release|Any CPU = Release|Any CPU
	EndGlobalSection
	GlobalSection(ProjectConfigurationPlatforms) = postSolution
		{414EB3FE-A879-457C-B9FF-729788517935}.Debug|Any CPU.ActiveCfg = Debug|Any CPU
		{414EB3FE-A879-457C-B9FF-729788517935}.Debug|Any CPU.Build.0 = Debug|Any CPU
		{414EB3FE-A879-457C-B9FF-729788517935}.Release|Any CPU.ActiveCfg = Release|Any CPU
		{414EB3FE-A879-457C-B9FF-729788517935}.Release|Any CPU.Build.0 = Release|Any CPU
	EndGlobalSection
	GlobalSection(SolutionProperties) = preSolution
		HideSolutionNode = FALSE
	EndGlobalSection
	GlobalSection(ExtensibilityGlobals) = postSolution
		SolutionGuid = {37278169-E08B-41CA-8D1E-834F0D207FC3}
	EndGlobalSection
EndGlobal
